
Microsoft Visual Studio Solution File, Format Version 12.00
Project("{FAE04EC0-301F-11D3-BF4B-00C04F79EFBC}") = "Business", "Business\Business.csproj", "{46527A56-8FA4-4C84-A384-ED37C0DB81FF}"
EndProject
Project("{FAE04EC0-301F-11D3-BF4B-00C04F79EFBC}") = "Core", "Core\Core.csproj", "{057885E9-F646-437E-B130-2C188C48EE75}"
EndProject
Project("{FAE04EC0-301F-11D3-BF4B-00C04F79EFBC}") = "DataAccess", "DataAccess\DataAccess.csproj", "{4D98A4AB-B987-41AA-8C54-1E46159DFB81}"
EndProject
Project("{FAE04EC0-301F-11D3-BF4B-00C04F79EFBC}") = "WebAPI", "WebAPI\WebAPI.csproj", "{10073372-F59D-4780-A277-07197476B612}"
EndProject
Global
	GlobalSection(SolutionConfigurationPlatforms) = preSolution
		Debug|Any CPU = Debug|Any CPU
		Release|Any CPU = Release|Any CPU
	EndGlobalSection
	GlobalSection(ProjectConfigurationPlatforms) = postSolution
		{46527A56-8FA4-4C84-A384-ED37C0DB81FF}.Debug|Any CPU.ActiveCfg = Debug|Any CPU
		{46527A56-8FA4-4C84-A384-ED37C0DB81FF}.Debug|Any CPU.Build.0 = Debug|Any CPU
		{46527A56-8FA4-4C84-A384-ED37C0DB81FF}.Release|Any CPU.ActiveCfg = Release|Any CPU
		{46527A56-8FA4-4C84-A384-ED37C0DB81FF}.Release|Any CPU.Build.0 = Release|Any CPU
		{057885E9-F646-437E-B130-2C188C48EE75}.Debug|Any CPU.ActiveCfg = Debug|Any CPU
		{057885E9-F646-437E-B130-2C188C48EE75}.Debug|Any CPU.Build.0 = Debug|Any CPU
		{057885E9-F646-437E-B130-2C188C48EE75}.Release|Any CPU.ActiveCfg = Release|Any CPU
		{057885E9-F646-437E-B130-2C188C48EE75}.Release|Any CPU.Build.0 = Release|Any CPU
		{4D98A4AB-B987-41AA-8C54-1E46159DFB81}.Debug|Any CPU.ActiveCfg = Debug|Any CPU
		{4D98A4AB-B987-41AA-8C54-1E46159DFB81}.Debug|Any CPU.Build.0 = Debug|Any CPU
		{4D98A4AB-B987-41AA-8C54-1E46159DFB81}.Release|Any CPU.ActiveCfg = Release|Any CPU
		{4D98A4AB-B987-41AA-8C54-1E46159DFB81}.Release|Any CPU.Build.0 = Release|Any CPU
		{10073372-F59D-4780-A277-07197476B612}.Debug|Any CPU.ActiveCfg = Debug|Any CPU
		{10073372-F59D-4780-A277-07197476B612}.Debug|Any CPU.Build.0 = Debug|Any CPU
		{10073372-F59D-4780-A277-07197476B612}.Release|Any CPU.ActiveCfg = Release|Any CPU
		{10073372-F59D-4780-A277-07197476B612}.Release|Any CPU.Build.0 = Release|Any CPU
	EndGlobalSection
EndGlobal
